
Microsoft Visual Studio Solution File, Format Version 12.00
# Visual Studio Version 17
VisualStudioVersion = 17.1.32210.238
MinimumVisualStudioVersion = 10.0.40219.1
Project("{FAE04EC0-301F-11D3-BF4B-00C04F79EFBC}") = "ProductosSupermercado", "ProductosSupermercado\ProductosSupermercado.csproj", "{BF99DC3B-2329-4B4F-9AF3-B54F1545E411}"
EndProject
Project("{FAE04EC0-301F-11D3-BF4B-00C04F79EFBC}") = "CapaDatos", "CapaDatos\CapaDatos.csproj", "{02364FBA-9167-4865-9656-8993B54F6B1B}"
EndProject
Project("{FAE04EC0-301F-11D3-BF4B-00C04F79EFBC}") = "CapaEntidad", "CapaEntidad\CapaEntidad.csproj", "{ABE9433B-B02D-4109-A6A8-2613BF090586}"
EndProject
Project("{FAE04EC0-301F-11D3-BF4B-00C04F79EFBC}") = "CapaReglas", "CapaReglas\CapaReglas.csproj", "{DA4DDF82-3FFB-463A-AD72-9BFDF9BBCA4C}"
EndProject
Global
	GlobalSection(SolutionConfigurationPlatforms) = preSolution
		Debug|Any CPU = Debug|Any CPU
		Release|Any CPU = Release|Any CPU
	EndGlobalSection
	GlobalSection(ProjectConfigurationPlatforms) = postSolution
		{BF99DC3B-2329-4B4F-9AF3-B54F1545E411}.Debug|Any CPU.ActiveCfg = Debug|Any CPU
		{BF99DC3B-2329-4B4F-9AF3-B54F1545E411}.Debug|Any CPU.Build.0 = Debug|Any CPU
		{BF99DC3B-2329-4B4F-9AF3-B54F1545E411}.Release|Any CPU.ActiveCfg = Release|Any CPU
		{BF99DC3B-2329-4B4F-9AF3-B54F1545E411}.Release|Any CPU.Build.0 = Release|Any CPU
		{02364FBA-9167-4865-9656-8993B54F6B1B}.Debug|Any CPU.ActiveCfg = Debug|Any CPU
		{02364FBA-9167-4865-9656-8993B54F6B1B}.Debug|Any CPU.Build.0 = Debug|Any CPU
		{02364FBA-9167-4865-9656-8993B54F6B1B}.Release|Any CPU.ActiveCfg = Release|Any CPU
		{02364FBA-9167-4865-9656-8993B54F6B1B}.Release|Any CPU.Build.0 = Release|Any CPU
		{ABE9433B-B02D-4109-A6A8-2613BF090586}.Debug|Any CPU.ActiveCfg = Debug|Any CPU
		{ABE9433B-B02D-4109-A6A8-2613BF090586}.Debug|Any CPU.Build.0 = Debug|Any CPU
		{ABE9433B-B02D-4109-A6A8-2613BF090586}.Release|Any CPU.ActiveCfg = Release|Any CPU
		{ABE9433B-B02D-4109-A6A8-2613BF090586}.Release|Any CPU.Build.0 = Release|Any CPU
		{DA4DDF82-3FFB-463A-AD72-9BFDF9BBCA4C}.Debug|Any CPU.ActiveCfg = Debug|Any CPU
		{DA4DDF82-3FFB-463A-AD72-9BFDF9BBCA4C}.Debug|Any CPU.Build.0 = Debug|Any CPU
		{DA4DDF82-3FFB-463A-AD72-9BFDF9BBCA4C}.Release|Any CPU.ActiveCfg = Release|Any CPU
		{DA4DDF82-3FFB-463A-AD72-9BFDF9BBCA4C}.Release|Any CPU.Build.0 = Release|Any CPU
	EndGlobalSection
	GlobalSection(SolutionProperties) = preSolution
		HideSolutionNode = FALSE
	EndGlobalSection
	GlobalSection(ExtensibilityGlobals) = postSolution
		SolutionGuid = {7EE94E3B-1001-4505-873B-EE054195535C}
	EndGlobalSection
EndGlobal
